
Microsoft Visual Studio Solution File, Format Version 12.00
# Visual Studio Version 16
VisualStudioVersion = 16.0.31205.134
MinimumVisualStudioVersion = 10.0.40219.1
Project("{FAE04EC0-301F-11D3-BF4B-00C04F79EFBC}") = "DataBinary", "DataBinary\DataBinary.csproj", "{84E32C17-F638-4F7F-B1BB-1F8A3C151672}"
EndProject
Project("{FAE04EC0-301F-11D3-BF4B-00C04F79EFBC}") = "test", "test\test.csproj", "{4C1686A0-1EC5-4257-A034-9DB20C62E1EF}"
EndProject
Project("{FAE04EC0-301F-11D3-BF4B-00C04F79EFBC}") = "MCRRS_LIST", "MCRRS_LIST\MCRRS_LIST.csproj", "{46E03491-C007-4A37-BAA5-444C38D0B3BC}"
EndProject
Project("{FAE04EC0-301F-11D3-BF4B-00C04F79EFBC}") = "DataLoggerParams", "DataLoggerParams\DataLoggerParams.csproj", "{46B20A76-201C-4841-B412-98E90C5B932F}"
EndProject
Project("{FAE04EC0-301F-11D3-BF4B-00C04F79EFBC}") = "ConsoleTestApp", "ConsoleTestApp\ConsoleTestApp.csproj", "{FE24A829-41F4-4A75-86B9-D61B01F39BEA}"
EndProject
Project("{FAE04EC0-301F-11D3-BF4B-00C04F79EFBC}") = "Compare_dataset", "Compare_dataset\Compare_dataset.csproj", "{F80F40F1-C1A8-4AE1-BB23-52B62F6AC46E}"
EndProject
Project("{FAE04EC0-301F-11D3-BF4B-00C04F79EFBC}") = "Output_Data_File", "Output_Data_File\Output_Data_File.csproj", "{7A2BB2DE-37E9-4606-AD17-D5A1469B93C9}"
EndProject
Project("{FAE04EC0-301F-11D3-BF4B-00C04F79EFBC}") = "outputCSV", "outputCSV\outputCSV.csproj", "{EFFC01EE-6112-46FD-9FA7-5C8A368192B6}"
EndProject
Project("{FAE04EC0-301F-11D3-BF4B-00C04F79EFBC}") = "getListOfreadings", "getListOfreadings\getListOfreadings.csproj", "{2E4B0D42-E821-4E82-961A-929F34889588}"
EndProject
Project("{FAE04EC0-301F-11D3-BF4B-00C04F79EFBC}") = "MCRRS_Simulator", "MCRRS_Simulator\MCRRS_Simulator.csproj", "{2B560381-751D-431F-AD01-C3435E3CF796}"
EndProject
Project("{FAE04EC0-301F-11D3-BF4B-00C04F79EFBC}") = "getGaps", "getGaps\getGaps.csproj", "{AE4F02FE-28D4-4DAB-8403-59A650A3D229}"
EndProject
Global
	GlobalSection(SolutionConfigurationPlatforms) = preSolution
		Debug|Any CPU = Debug|Any CPU
		Release|Any CPU = Release|Any CPU
	EndGlobalSection
	GlobalSection(ProjectConfigurationPlatforms) = postSolution
		{84E32C17-F638-4F7F-B1BB-1F8A3C151672}.Debug|Any CPU.ActiveCfg = Debug|Any CPU
		{84E32C17-F638-4F7F-B1BB-1F8A3C151672}.Debug|Any CPU.Build.0 = Debug|Any CPU
		{84E32C17-F638-4F7F-B1BB-1F8A3C151672}.Release|Any CPU.ActiveCfg = Release|Any CPU
		{84E32C17-F638-4F7F-B1BB-1F8A3C151672}.Release|Any CPU.Build.0 = Release|Any CPU
		{4C1686A0-1EC5-4257-A034-9DB20C62E1EF}.Debug|Any CPU.ActiveCfg = Debug|Any CPU
		{4C1686A0-1EC5-4257-A034-9DB20C62E1EF}.Debug|Any CPU.Build.0 = Debug|Any CPU
		{4C1686A0-1EC5-4257-A034-9DB20C62E1EF}.Release|Any CPU.ActiveCfg = Release|Any CPU
		{4C1686A0-1EC5-4257-A034-9DB20C62E1EF}.Release|Any CPU.Build.0 = Release|Any CPU
		{46E03491-C007-4A37-BAA5-444C38D0B3BC}.Debug|Any CPU.ActiveCfg = Debug|Any CPU
		{46E03491-C007-4A37-BAA5-444C38D0B3BC}.Debug|Any CPU.Build.0 = Debug|Any CPU
		{46E03491-C007-4A37-BAA5-444C38D0B3BC}.Release|Any CPU.ActiveCfg = Release|Any CPU
		{46E03491-C007-4A37-BAA5-444C38D0B3BC}.Release|Any CPU.Build.0 = Release|Any CPU
		{46B20A76-201C-4841-B412-98E90C5B932F}.Debug|Any CPU.ActiveCfg = Debug|Any CPU
		{46B20A76-201C-4841-B412-98E90C5B932F}.Debug|Any CPU.Build.0 = Debug|Any CPU
		{46B20A76-201C-4841-B412-98E90C5B932F}.Release|Any CPU.ActiveCfg = Release|Any CPU
		{46B20A76-201C-4841-B412-98E90C5B932F}.Release|Any CPU.Build.0 = Release|Any CPU
		{FE24A829-41F4-4A75-86B9-D61B01F39BEA}.Debug|Any CPU.ActiveCfg = Debug|Any CPU
		{FE24A829-41F4-4A75-86B9-D61B01F39BEA}.Debug|Any CPU.Build.0 = Debug|Any CPU
		{FE24A829-41F4-4A75-86B9-D61B01F39BEA}.Release|Any CPU.ActiveCfg = Release|Any CPU
		{FE24A829-41F4-4A75-86B9-D61B01F39BEA}.Release|Any CPU.Build.0 = Release|Any CPU
		{F80F40F1-C1A8-4AE1-BB23-52B62F6AC46E}.Debug|Any CPU.ActiveCfg = Debug|Any CPU
		{F80F40F1-C1A8-4AE1-BB23-52B62F6AC46E}.Debug|Any CPU.Build.0 = Debug|Any CPU
		{F80F40F1-C1A8-4AE1-BB23-52B62F6AC46E}.Release|Any CPU.ActiveCfg = Release|Any CPU
		{F80F40F1-C1A8-4AE1-BB23-52B62F6AC46E}.Release|Any CPU.Build.0 = Release|Any CPU
		{7A2BB2DE-37E9-4606-AD17-D5A1469B93C9}.Debug|Any CPU.ActiveCfg = Debug|Any CPU
		{7A2BB2DE-37E9-4606-AD17-D5A1469B93C9}.Debug|Any CPU.Build.0 = Debug|Any CPU
		{7A2BB2DE-37E9-4606-AD17-D5A1469B93C9}.Release|Any CPU.ActiveCfg = Release|Any CPU
		{7A2BB2DE-37E9-4606-AD17-D5A1469B93C9}.Release|Any CPU.Build.0 = Release|Any CPU
		{EFFC01EE-6112-46FD-9FA7-5C8A368192B6}.Debug|Any CPU.ActiveCfg = Debug|Any CPU
		{EFFC01EE-6112-46FD-9FA7-5C8A368192B6}.Debug|Any CPU.Build.0 = Debug|Any CPU
		{EFFC01EE-6112-46FD-9FA7-5C8A368192B6}.Release|Any CPU.ActiveCfg = Release|Any CPU
		{EFFC01EE-6112-46FD-9FA7-5C8A368192B6}.Release|Any CPU.Build.0 = Release|Any CPU
		{2E4B0D42-E821-4E82-961A-929F34889588}.Debug|Any CPU.ActiveCfg = Debug|Any CPU
		{2E4B0D42-E821-4E82-961A-929F34889588}.Debug|Any CPU.Build.0 = Debug|Any CPU
		{2E4B0D42-E821-4E82-961A-929F34889588}.Release|Any CPU.ActiveCfg = Release|Any CPU
		{2E4B0D42-E821-4E82-961A-929F34889588}.Release|Any CPU.Build.0 = Release|Any CPU
		{2B560381-751D-431F-AD01-C3435E3CF796}.Debug|Any CPU.ActiveCfg = Debug|Any CPU
		{2B560381-751D-431F-AD01-C3435E3CF796}.Debug|Any CPU.Build.0 = Debug|Any CPU
		{2B560381-751D-431F-AD01-C3435E3CF796}.Release|Any CPU.ActiveCfg = Release|Any CPU
		{2B560381-751D-431F-AD01-C3435E3CF796}.Release|Any CPU.Build.0 = Release|Any CPU
		{AE4F02FE-28D4-4DAB-8403-59A650A3D229}.Debug|Any CPU.ActiveCfg = Debug|Any CPU
		{AE4F02FE-28D4-4DAB-8403-59A650A3D229}.Debug|Any CPU.Build.0 = Debug|Any CPU
		{AE4F02FE-28D4-4DAB-8403-59A650A3D229}.Release|Any CPU.ActiveCfg = Release|Any CPU
		{AE4F02FE-28D4-4DAB-8403-59A650A3D229}.Release|Any CPU.Build.0 = Release|Any CPU
	EndGlobalSection
	GlobalSection(SolutionProperties) = preSolution
		HideSolutionNode = FALSE
	EndGlobalSection
	GlobalSection(ExtensibilityGlobals) = postSolution
		SolutionGuid = {0C00923C-3048-440C-BB9F-5666D38396E1}
	EndGlobalSection
EndGlobal
